
Microsoft Visual Studio Solution File, Format Version 12.00
# Visual Studio Version 16
VisualStudioVersion = 16.0.30204.135
MinimumVisualStudioVersion = 10.0.40219.1
Project("{FAE04EC0-301F-11D3-BF4B-00C04F79EFBC}") = "BloonsLoader", "BloonsLoader.csproj", "{051D74D6-9A05-46DF-9A14-6F99245DF13F}"
EndProject
Global
	GlobalSection(SolutionConfigurationPlatforms) = preSolution
		Debug|Any CPU = Debug|Any CPU
		Release|Any CPU = Release|Any CPU
	EndGlobalSection
	GlobalSection(ProjectConfigurationPlatforms) = postSolution
		{051D74D6-9A05-46DF-9A14-6F99245DF13F}.Debug|Any CPU.ActiveCfg = Debug|Any CPU
		{051D74D6-9A05-46DF-9A14-6F99245DF13F}.Debug|Any CPU.Build.0 = Debug|Any CPU
		{051D74D6-9A05-46DF-9A14-6F99245DF13F}.Release|Any CPU.ActiveCfg = Release|Any CPU
		{051D74D6-9A05-46DF-9A14-6F99245DF13F}.Release|Any CPU.Build.0 = Release|Any CPU
	EndGlobalSection
	GlobalSection(SolutionProperties) = preSolution
		HideSolutionNode = FALSE
	EndGlobalSection
	GlobalSection(ExtensibilityGlobals) = postSolution
		SolutionGuid = {32067CA0-C3BB-4D66-96B2-924FC611CF0A}
	EndGlobalSection
EndGlobal
